
Microsoft Visual Studio Solution File, Format Version 12.00
# Visual Studio Version 17
VisualStudioVersion = 17.6.33815.320
MinimumVisualStudioVersion = 10.0.40219.1
Project("{FAE04EC0-301F-11D3-BF4B-00C04F79EFBC}") = "IS-Domasna", "IS-Domasna\IS-Domasna.csproj", "{D094AAC3-FE3D-4D6D-B835-77626A01AF06}"
EndProject
Global
	GlobalSection(SolutionConfigurationPlatforms) = preSolution
		Debug|Any CPU = Debug|Any CPU
		Release|Any CPU = Release|Any CPU
	EndGlobalSection
	GlobalSection(ProjectConfigurationPlatforms) = postSolution
		{D094AAC3-FE3D-4D6D-B835-77626A01AF06}.Debug|Any CPU.ActiveCfg = Debug|Any CPU
		{D094AAC3-FE3D-4D6D-B835-77626A01AF06}.Debug|Any CPU.Build.0 = Debug|Any CPU
		{D094AAC3-FE3D-4D6D-B835-77626A01AF06}.Release|Any CPU.ActiveCfg = Release|Any CPU
		{D094AAC3-FE3D-4D6D-B835-77626A01AF06}.Release|Any CPU.Build.0 = Release|Any CPU
	EndGlobalSection
	GlobalSection(SolutionProperties) = preSolution
		HideSolutionNode = FALSE
	EndGlobalSection
	GlobalSection(ExtensibilityGlobals) = postSolution
		SolutionGuid = {618002CB-62F1-4EE9-B116-0A9FCB886BC9}
	EndGlobalSection
EndGlobal
